{
  "name": "configmgr-unit-tests",
  "version": "2.0.0",
  "lockfileVersion": 2,
  "requires": true,
  "packages": {
    "": {
      "name": "configmgr-unit-tests",
      "version": "2.0.0",
      "license": "EPL-2.0",
      "devDependencies": {
        "typescript": "5.4.5"
      }
    },
    "../../../../../../bin": {
      "extraneous": true
    },
    "../../../../../../build/zwe": {
      "name": "zowe-zwe-cli",
      "version": "2.0.0",
      "extraneous": true,
      "license": "EPL-2.0",
      "devDependencies": {
        "@types/jest": "29.5.0",
        "jest": "29.5.0",
        "ts-jest": "29.0.5",
        "typescript": "4.6.4"
      }
    },
    "../../../../../../build/zwe/out": {
      "extraneous": true
    },
    "node_modules/typescript": {
      "version": "5.4.5",
      "resolved": "https://zowe.jfrog.io/artifactory/api/npm/npm-release/typescript/-/typescript-5.4.5.tgz",
      "integrity": "sha512-vcI4UpRgg81oIRUFwR0WSIHKt11nJ7SAVlYNIu+QpqeyXP+gpQJy/Z4+F0aGxSE4MqwjyXvW/TzgkLAx2AGHwQ==",
      "dev": true,
      "bin": {
        "tsc": "bin/tsc",
        "tsserver": "bin/tsserver"
      },
      "engines": {
        "node": ">=14.17"
      }
    }
  },
  "dependencies": {
    "typescript": {
      "version": "5.4.5",
      "resolved": "https://zowe.jfrog.io/artifactory/api/npm/npm-release/typescript/-/typescript-5.4.5.tgz",
      "integrity": "sha512-vcI4UpRgg81oIRUFwR0WSIHKt11nJ7SAVlYNIu+QpqeyXP+gpQJy/Z4+F0aGxSE4MqwjyXvW/TzgkLAx2AGHwQ==",
      "dev": true
    }
  }
}
